{
	"name": "geemap",
	"lockfileVersion": 3,
	"requires": true,
	"packages": {
		"": {
			"dependencies": {
				"lit": "^3.2.0"
			},
			"devDependencies": {
				"@anywidget/types": "^0.1.9",
				"esbuild": "^0.23.0",
				"typescript": "^5.5.3"
			}
		},
		"node_modules/@anywidget/types": {
			"version": "0.1.9",
			"resolved": "https://registry.npmjs.org/@anywidget/types/-/types-0.1.9.tgz",
			"integrity": "sha512-RvPp2qEDJGdNBpA6KGEEorLBmX7HkVUR+UTWFsc8fUkhsTVEoicDPTxYdLEdt9Wt0XUvLh0QhVOheICDJpyUnA==",
			"dev": true,
			"dependencies": {
				"@jupyter-widgets/base": "^6.0.7"
			}
		},
		"node_modules/@esbuild/aix-ppc64": {
			"version": "0.23.1",
			"resolved": "https://registry.npmjs.org/@esbuild/aix-ppc64/-/aix-ppc64-0.23.1.tgz",
			"integrity": "sha512-6VhYk1diRqrhBAqpJEdjASR/+WVRtfjpqKuNw11cLiaWpAT/Uu+nokB+UJnevzy/P9C/ty6AOe0dwueMrGh/iQ==",
			"cpu": [
				"ppc64"
			],
			"dev": true,
			"optional": true,
			"os": [
				"aix"
			],
			"engines": {
				"node": ">=18"
			}
		},
		"node_modules/@esbuild/android-arm": {
			"version": "0.23.1",
			"resolved": "https://registry.npmjs.org/@esbuild/android-arm/-/android-arm-0.23.1.tgz",
			"integrity": "sha512-uz6/tEy2IFm9RYOyvKl88zdzZfwEfKZmnX9Cj1BHjeSGNuGLuMD1kR8y5bteYmwqKm1tj8m4cb/aKEorr6fHWQ==",
			"cpu": [
				"arm"
			],
			"dev": true,
			"optional": true,
			"os": [
				"android"
			],
			"engines": {
				"node": ">=18"
			}
		},
		"node_modules/@esbuild/android-arm64": {
			"version": "0.23.1",
			"resolved": "https://registry.npmjs.org/@esbuild/android-arm64/-/android-arm64-0.23.1.tgz",
			"integrity": "sha512-xw50ipykXcLstLeWH7WRdQuysJqejuAGPd30vd1i5zSyKK3WE+ijzHmLKxdiCMtH1pHz78rOg0BKSYOSB/2Khw==",
			"cpu": [
				"arm64"
			],
			"dev": true,
			"optional": true,
			"os": [
				"android"
			],
			"engines": {
				"node": ">=18"
			}
		},
		"node_modules/@esbuild/android-x64": {
			"version": "0.23.1",
			"resolved": "https://registry.npmjs.org/@esbuild/android-x64/-/android-x64-0.23.1.tgz",
			"integrity": "sha512-nlN9B69St9BwUoB+jkyU090bru8L0NA3yFvAd7k8dNsVH8bi9a8cUAUSEcEEgTp2z3dbEDGJGfP6VUnkQnlReg==",
			"cpu": [
				"x64"
			],
			"dev": true,
			"optional": true,
			"os": [
				"android"
			],
			"engines": {
				"node": ">=18"
			}
		},
		"node_modules/@esbuild/darwin-arm64": {
			"version": "0.23.1",
			"resolved": "https://registry.npmjs.org/@esbuild/darwin-arm64/-/darwin-arm64-0.23.1.tgz",
			"integrity": "sha512-YsS2e3Wtgnw7Wq53XXBLcV6JhRsEq8hkfg91ESVadIrzr9wO6jJDMZnCQbHm1Guc5t/CdDiFSSfWP58FNuvT3Q==",
			"cpu": [
				"arm64"
			],
			"dev": true,
			"optional": true,
			"os": [
				"darwin"
			],
			"engines": {
				"node": ">=18"
			}
		},
		"node_modules/@esbuild/darwin-x64": {
			"version": "0.23.1",
			"resolved": "https://registry.npmjs.org/@esbuild/darwin-x64/-/darwin-x64-0.23.1.tgz",
			"integrity": "sha512-aClqdgTDVPSEGgoCS8QDG37Gu8yc9lTHNAQlsztQ6ENetKEO//b8y31MMu2ZaPbn4kVsIABzVLXYLhCGekGDqw==",
			"cpu": [
				"x64"
			],
			"dev": true,
			"optional": true,
			"os": [
				"darwin"
			],
			"engines": {
				"node": ">=18"
			}
		},
		"node_modules/@esbuild/freebsd-arm64": {
			"version": "0.23.1",
			"resolved": "https://registry.npmjs.org/@esbuild/freebsd-arm64/-/freebsd-arm64-0.23.1.tgz",
			"integrity": "sha512-h1k6yS8/pN/NHlMl5+v4XPfikhJulk4G+tKGFIOwURBSFzE8bixw1ebjluLOjfwtLqY0kewfjLSrO6tN2MgIhA==",
			"cpu": [
				"arm64"
			],
			"dev": true,
			"optional": true,
			"os": [
				"freebsd"
			],
			"engines": {
				"node": ">=18"
			}
		},
		"node_modules/@esbuild/freebsd-x64": {
			"version": "0.23.1",
			"resolved": "https://registry.npmjs.org/@esbuild/freebsd-x64/-/freebsd-x64-0.23.1.tgz",
			"integrity": "sha512-lK1eJeyk1ZX8UklqFd/3A60UuZ/6UVfGT2LuGo3Wp4/z7eRTRYY+0xOu2kpClP+vMTi9wKOfXi2vjUpO1Ro76g==",
			"cpu": [
				"x64"
			],
			"dev": true,
			"optional": true,
			"os": [
				"freebsd"
			],
			"engines": {
				"node": ">=18"
			}
		},
		"node_modules/@esbuild/linux-arm": {
			"version": "0.23.1",
			"resolved": "https://registry.npmjs.org/@esbuild/linux-arm/-/linux-arm-0.23.1.tgz",
			"integrity": "sha512-CXXkzgn+dXAPs3WBwE+Kvnrf4WECwBdfjfeYHpMeVxWE0EceB6vhWGShs6wi0IYEqMSIzdOF1XjQ/Mkm5d7ZdQ==",
			"cpu": [
				"arm"
			],
			"dev": true,
			"optional": true,
			"os": [
				"linux"
			],
			"engines": {
				"node": ">=18"
			}
		},
		"node_modules/@esbuild/linux-arm64": {
			"version": "0.23.1",
			"resolved": "https://registry.npmjs.org/@esbuild/linux-arm64/-/linux-arm64-0.23.1.tgz",
			"integrity": "sha512-/93bf2yxencYDnItMYV/v116zff6UyTjo4EtEQjUBeGiVpMmffDNUyD9UN2zV+V3LRV3/on4xdZ26NKzn6754g==",
			"cpu": [
				"arm64"
			],
			"dev": true,
			"optional": true,
			"os": [
				"linux"
			],
			"engines": {
				"node": ">=18"
			}
		},
		"node_modules/@esbuild/linux-ia32": {
			"version": "0.23.1",
			"resolved": "https://registry.npmjs.org/@esbuild/linux-ia32/-/linux-ia32-0.23.1.tgz",
			"integrity": "sha512-VTN4EuOHwXEkXzX5nTvVY4s7E/Krz7COC8xkftbbKRYAl96vPiUssGkeMELQMOnLOJ8k3BY1+ZY52tttZnHcXQ==",
			"cpu": [
				"ia32"
			],
			"dev": true,
			"optional": true,
			"os": [
				"linux"
			],
			"engines": {
				"node": ">=18"
			}
		},
		"node_modules/@esbuild/linux-loong64": {
			"version": "0.23.1",
			"resolved": "https://registry.npmjs.org/@esbuild/linux-loong64/-/linux-loong64-0.23.1.tgz",
			"integrity": "sha512-Vx09LzEoBa5zDnieH8LSMRToj7ir/Jeq0Gu6qJ/1GcBq9GkfoEAoXvLiW1U9J1qE/Y/Oyaq33w5p2ZWrNNHNEw==",
			"cpu": [
				"loong64"
			],
			"dev": true,
			"optional": true,
			"os": [
				"linux"
			],
			"engines": {
				"node": ">=18"
			}
		},
		"node_modules/@esbuild/linux-mips64el": {
			"version": "0.23.1",
			"resolved": "https://registry.npmjs.org/@esbuild/linux-mips64el/-/linux-mips64el-0.23.1.tgz",
			"integrity": "sha512-nrFzzMQ7W4WRLNUOU5dlWAqa6yVeI0P78WKGUo7lg2HShq/yx+UYkeNSE0SSfSure0SqgnsxPvmAUu/vu0E+3Q==",
			"cpu": [
				"mips64el"
			],
			"dev": true,
			"optional": true,
			"os": [
				"linux"
			],
			"engines": {
				"node": ">=18"
			}
		},
		"node_modules/@esbuild/linux-ppc64": {
			"version": "0.23.1",
			"resolved": "https://registry.npmjs.org/@esbuild/linux-ppc64/-/linux-ppc64-0.23.1.tgz",
			"integrity": "sha512-dKN8fgVqd0vUIjxuJI6P/9SSSe/mB9rvA98CSH2sJnlZ/OCZWO1DJvxj8jvKTfYUdGfcq2dDxoKaC6bHuTlgcw==",
			"cpu": [
				"ppc64"
			],
			"dev": true,
			"optional": true,
			"os": [
				"linux"
			],
			"engines": {
				"node": ">=18"
			}
		},
		"node_modules/@esbuild/linux-riscv64": {
			"version": "0.23.1",
			"resolved": "https://registry.npmjs.org/@esbuild/linux-riscv64/-/linux-riscv64-0.23.1.tgz",
			"integrity": "sha512-5AV4Pzp80fhHL83JM6LoA6pTQVWgB1HovMBsLQ9OZWLDqVY8MVobBXNSmAJi//Csh6tcY7e7Lny2Hg1tElMjIA==",
			"cpu": [
				"riscv64"
			],
			"dev": true,
			"optional": true,
			"os": [
				"linux"
			],
			"engines": {
				"node": ">=18"
			}
		},
		"node_modules/@esbuild/linux-s390x": {
			"version": "0.23.1",
			"resolved": "https://registry.npmjs.org/@esbuild/linux-s390x/-/linux-s390x-0.23.1.tgz",
			"integrity": "sha512-9ygs73tuFCe6f6m/Tb+9LtYxWR4c9yg7zjt2cYkjDbDpV/xVn+68cQxMXCjUpYwEkze2RcU/rMnfIXNRFmSoDw==",
			"cpu": [
				"s390x"
			],
			"dev": true,
			"optional": true,
			"os": [
				"linux"
			],
			"engines": {
				"node": ">=18"
			}
		},
		"node_modules/@esbuild/linux-x64": {
			"version": "0.23.1",
			"resolved": "https://registry.npmjs.org/@esbuild/linux-x64/-/linux-x64-0.23.1.tgz",
			"integrity": "sha512-EV6+ovTsEXCPAp58g2dD68LxoP/wK5pRvgy0J/HxPGB009omFPv3Yet0HiaqvrIrgPTBuC6wCH1LTOY91EO5hQ==",
			"cpu": [
				"x64"
			],
			"dev": true,
			"optional": true,
			"os": [
				"linux"
			],
			"engines": {
				"node": ">=18"
			}
		},
		"node_modules/@esbuild/netbsd-x64": {
			"version": "0.23.1",
			"resolved": "https://registry.npmjs.org/@esbuild/netbsd-x64/-/netbsd-x64-0.23.1.tgz",
			"integrity": "sha512-aevEkCNu7KlPRpYLjwmdcuNz6bDFiE7Z8XC4CPqExjTvrHugh28QzUXVOZtiYghciKUacNktqxdpymplil1beA==",
			"cpu": [
				"x64"
			],
			"dev": true,
			"optional": true,
			"os": [
				"netbsd"
			],
			"engines": {
				"node": ">=18"
			}
		},
		"node_modules/@esbuild/openbsd-arm64": {
			"version": "0.23.1",
			"resolved": "https://registry.npmjs.org/@esbuild/openbsd-arm64/-/openbsd-arm64-0.23.1.tgz",
			"integrity": "sha512-3x37szhLexNA4bXhLrCC/LImN/YtWis6WXr1VESlfVtVeoFJBRINPJ3f0a/6LV8zpikqoUg4hyXw0sFBt5Cr+Q==",
			"cpu": [
				"arm64"
			],
			"dev": true,
			"optional": true,
			"os": [
				"openbsd"
			],
			"engines": {
				"node": ">=18"
			}
		},
		"node_modules/@esbuild/openbsd-x64": {
			"version": "0.23.1",
			"resolved": "https://registry.npmjs.org/@esbuild/openbsd-x64/-/openbsd-x64-0.23.1.tgz",
			"integrity": "sha512-aY2gMmKmPhxfU+0EdnN+XNtGbjfQgwZj43k8G3fyrDM/UdZww6xrWxmDkuz2eCZchqVeABjV5BpildOrUbBTqA==",
			"cpu": [
				"x64"
			],
			"dev": true,
			"optional": true,
			"os": [
				"openbsd"
			],
			"engines": {
				"node": ">=18"
			}
		},
		"node_modules/@esbuild/sunos-x64": {
			"version": "0.23.1",
			"resolved": "https://registry.npmjs.org/@esbuild/sunos-x64/-/sunos-x64-0.23.1.tgz",
			"integrity": "sha512-RBRT2gqEl0IKQABT4XTj78tpk9v7ehp+mazn2HbUeZl1YMdaGAQqhapjGTCe7uw7y0frDi4gS0uHzhvpFuI1sA==",
			"cpu": [
				"x64"
			],
			"dev": true,
			"optional": true,
			"os": [
				"sunos"
			],
			"engines": {
				"node": ">=18"
			}
		},
		"node_modules/@esbuild/win32-arm64": {
			"version": "0.23.1",
			"resolved": "https://registry.npmjs.org/@esbuild/win32-arm64/-/win32-arm64-0.23.1.tgz",
			"integrity": "sha512-4O+gPR5rEBe2FpKOVyiJ7wNDPA8nGzDuJ6gN4okSA1gEOYZ67N8JPk58tkWtdtPeLz7lBnY6I5L3jdsr3S+A6A==",
			"cpu": [
				"arm64"
			],
			"dev": true,
			"optional": true,
			"os": [
				"win32"
			],
			"engines": {
				"node": ">=18"
			}
		},
		"node_modules/@esbuild/win32-ia32": {
			"version": "0.23.1",
			"resolved": "https://registry.npmjs.org/@esbuild/win32-ia32/-/win32-ia32-0.23.1.tgz",
			"integrity": "sha512-BcaL0Vn6QwCwre3Y717nVHZbAa4UBEigzFm6VdsVdT/MbZ38xoj1X9HPkZhbmaBGUD1W8vxAfffbDe8bA6AKnQ==",
			"cpu": [
				"ia32"
			],
			"dev": true,
			"optional": true,
			"os": [
				"win32"
			],
			"engines": {
				"node": ">=18"
			}
		},
		"node_modules/@esbuild/win32-x64": {
			"version": "0.23.1",
			"resolved": "https://registry.npmjs.org/@esbuild/win32-x64/-/win32-x64-0.23.1.tgz",
			"integrity": "sha512-BHpFFeslkWrXWyUPnbKm+xYYVYruCinGcftSBaa8zoF9hZO4BcSCFUvHVTtzpIY6YzUnYtuEhZ+C9iEXjxnasg==",
			"cpu": [
				"x64"
			],
			"dev": true,
			"optional": true,
			"os": [
				"win32"
			],
			"engines": {
				"node": ">=18"
			}
		},
		"node_modules/@jupyter-widgets/base": {
			"version": "6.0.10",
			"resolved": "https://registry.npmjs.org/@jupyter-widgets/base/-/base-6.0.10.tgz",
			"integrity": "sha512-iJvBT4drhwd3kpfMXaIFoD+FZTqbm1pKNi8Gvv+Wggnefyw6SHugZ0hjHoBxZD362wEUM8fpHQmdj59KvXWg0g==",
			"dev": true,
			"dependencies": {
				"@jupyterlab/services": "^6.0.0 || ^7.0.0",
				"@lumino/coreutils": "^1.11.1 || ^2.1",
				"@lumino/messaging": "^1.10.1 || ^2.1",
				"@lumino/widgets": "^1.30.0 || ^2.1",
				"@types/backbone": "1.4.14",
				"@types/lodash": "^4.14.134",
				"backbone": "1.4.0",
				"jquery": "^3.1.1",
				"lodash": "^4.17.4"
			}
		},
		"node_modules/@jupyter/ydoc": {
			"version": "2.1.1",
			"resolved": "https://registry.npmjs.org/@jupyter/ydoc/-/ydoc-2.1.1.tgz",
			"integrity": "sha512-NeEwqXQ2j1OyLq4uezeQmsMiI+Qo5k7dYIMqNByOM7dJp6sHeP0jQ96w7BEc9E4SmrxwcOT4cLvcJWJE8Xun4g==",
			"dev": true,
			"dependencies": {
				"@jupyterlab/nbformat": "^3.0.0 || ^4.0.0-alpha.21 || ^4.0.0",
				"@lumino/coreutils": "^1.11.0 || ^2.0.0",
				"@lumino/disposable": "^1.10.0 || ^2.0.0",
				"@lumino/signaling": "^1.10.0 || ^2.0.0",
				"y-protocols": "^1.0.5",
				"yjs": "^13.5.40"
			}
		},
		"node_modules/@jupyterlab/coreutils": {
			"version": "6.2.5",
			"resolved": "https://registry.npmjs.org/@jupyterlab/coreutils/-/coreutils-6.2.5.tgz",
			"integrity": "sha512-P3HniEv3bZ3EvV3zUwCmruR713fclGvSTfsuwFPBgI8M3rNIZYqGQ13xkTun7Zl6DUr2E8mrC/cq9jNwxW33yw==",
			"dev": true,
			"dependencies": {
				"@lumino/coreutils": "^2.1.2",
				"@lumino/disposable": "^2.1.2",
				"@lumino/signaling": "^2.1.2",
				"minimist": "~1.2.0",
				"path-browserify": "^1.0.0",
				"url-parse": "~1.5.4"
			}
		},
		"node_modules/@jupyterlab/nbformat": {
			"version": "4.2.5",
			"resolved": "https://registry.npmjs.org/@jupyterlab/nbformat/-/nbformat-4.2.5.tgz",
			"integrity": "sha512-DF8bdlsEziUR5oKUr3Mm0wUx7kHZjlAtEjD6oJ8cOogQqTrMyBnUAgVjPr9QQob5J7qiyzz9aW2DYtaX+jFhng==",
			"dev": true,
			"dependencies": {
				"@lumino/coreutils": "^2.1.2"
			}
		},
		"node_modules/@jupyterlab/services": {
			"version": "7.2.5",
			"resolved": "https://registry.npmjs.org/@jupyterlab/services/-/services-7.2.5.tgz",
			"integrity": "sha512-Ya/jA8p8WOfiPPERinZasigsfSth54nNNWBQUrT2MEitdka3jVsjC3fR9R5XBpYQ59Qkczz782jMfXvaWNfCHQ==",
			"dev": true,
			"dependencies": {
				"@jupyter/ydoc": "^2.0.1",
				"@jupyterlab/coreutils": "^6.2.5",
				"@jupyterlab/nbformat": "^4.2.5",
				"@jupyterlab/settingregistry": "^4.2.5",
				"@jupyterlab/statedb": "^4.2.5",
				"@lumino/coreutils": "^2.1.2",
				"@lumino/disposable": "^2.1.2",
				"@lumino/polling": "^2.1.2",
				"@lumino/properties": "^2.0.1",
				"@lumino/signaling": "^2.1.2",
				"ws": "^8.11.0"
			}
		},
		"node_modules/@jupyterlab/settingregistry": {
			"version": "4.2.5",
			"resolved": "https://registry.npmjs.org/@jupyterlab/settingregistry/-/settingregistry-4.2.5.tgz",
			"integrity": "sha512-RTHwFoldrP8h4hMxZrKafrOt3mLYKAcmUsnExkzKCqHuc3CIOh9hj+eN3gCh1mxjabbP9QIK0/08e89Rp/EG5w==",
			"dev": true,
			"dependencies": {
				"@jupyterlab/nbformat": "^4.2.5",
				"@jupyterlab/statedb": "^4.2.5",
				"@lumino/commands": "^2.3.0",
				"@lumino/coreutils": "^2.1.2",
				"@lumino/disposable": "^2.1.2",
				"@lumino/signaling": "^2.1.2",
				"@rjsf/utils": "^5.13.4",
				"ajv": "^8.12.0",
				"json5": "^2.2.3"
			},
			"peerDependencies": {
				"react": ">=16"
			}
		},
		"node_modules/@jupyterlab/statedb": {
			"version": "4.2.5",
			"resolved": "https://registry.npmjs.org/@jupyterlab/statedb/-/statedb-4.2.5.tgz",
			"integrity": "sha512-GGP4NSkVzcn/zYZyjKId8OvDxq+JQTHEmiE2ayzUvvP4BwpGJ2GafY1V+QT5Tl+4SB0AzowpNud6XHUJ28M/tA==",
			"dev": true,
			"dependencies": {
				"@lumino/commands": "^2.3.0",
				"@lumino/coreutils": "^2.1.2",
				"@lumino/disposable": "^2.1.2",
				"@lumino/properties": "^2.0.1",
				"@lumino/signaling": "^2.1.2"
			}
		},
		"node_modules/@lit-labs/ssr-dom-shim": {
			"version": "1.2.1",
			"resolved": "https://registry.npmjs.org/@lit-labs/ssr-dom-shim/-/ssr-dom-shim-1.2.1.tgz",
			"integrity": "sha512-wx4aBmgeGvFmOKucFKY+8VFJSYZxs9poN3SDNQFF6lT6NrQUnHiPB2PWz2sc4ieEcAaYYzN+1uWahEeTq2aRIQ=="
		},
		"node_modules/@lit/reactive-element": {
			"version": "2.0.4",
			"resolved": "https://registry.npmjs.org/@lit/reactive-element/-/reactive-element-2.0.4.tgz",
			"integrity": "sha512-GFn91inaUa2oHLak8awSIigYz0cU0Payr1rcFsrkf5OJ5eSPxElyZfKh0f2p9FsTiZWXQdWGJeXZICEfXXYSXQ==",
			"dependencies": {
				"@lit-labs/ssr-dom-shim": "^1.2.0"
			}
		},
		"node_modules/@lumino/algorithm": {
			"version": "2.0.2",
			"resolved": "https://registry.npmjs.org/@lumino/algorithm/-/algorithm-2.0.2.tgz",
			"integrity": "sha512-cI8yJ2+QK1yM5ZRU3Kuaw9fJ/64JEDZEwWWp7+U0cd/mvcZ44BGdJJ29w+tIet1QXxPAvnsUleWyQ5qm4qUouA==",
			"dev": true
		},
		"node_modules/@lumino/collections": {
			"version": "1.9.3",
			"resolved": "https://registry.npmjs.org/@lumino/collections/-/collections-1.9.3.tgz",
			"integrity": "sha512-2i2Wf1xnfTgEgdyKEpqM16bcYRIhUOGCDzaVCEZACVG9R1CgYwOe3zfn71slBQOVSjjRgwYrgLXu4MBpt6YK+g==",
			"dev": true,
			"dependencies": {
				"@lumino/algorithm": "^1.9.2"
			}
		},
		"node_modules/@lumino/collections/node_modules/@lumino/algorithm": {
			"version": "1.9.2",
			"resolved": "https://registry.npmjs.org/@lumino/algorithm/-/algorithm-1.9.2.tgz",
			"integrity": "sha512-Z06lp/yuhz8CtIir3PNTGnuk7909eXt4ukJsCzChsGuot2l5Fbs96RJ/FOHgwCedaX74CtxPjXHXoszFbUA+4A==",
			"dev": true
		},
		"node_modules/@lumino/commands": {
			"version": "2.3.1",
			"resolved": "https://registry.npmjs.org/@lumino/commands/-/commands-2.3.1.tgz",
			"integrity": "sha512-DpX1kkE4PhILpvK1T4ZnaFb6UP4+YTkdZifvN3nbiomD64O2CTd+wcWIBpZMgy6MMgbVgrE8dzHxHk1EsKxNxw==",
			"dev": true,
			"dependencies": {
				"@lumino/algorithm": "^2.0.2",
				"@lumino/coreutils": "^2.2.0",
				"@lumino/disposable": "^2.1.3",
				"@lumino/domutils": "^2.0.2",
				"@lumino/keyboard": "^2.0.2",
				"@lumino/signaling": "^2.1.3",
				"@lumino/virtualdom": "^2.0.2"
			}
		},
		"node_modules/@lumino/coreutils": {
			"version": "2.2.0",
			"resolved": "https://registry.npmjs.org/@lumino/coreutils/-/coreutils-2.2.0.tgz",
			"integrity": "sha512-x5wnQ/GjWBayJ6vXVaUi6+Q6ETDdcUiH9eSfpRZFbgMQyyM6pi6baKqJBK2CHkCc/YbAEl6ipApTgm3KOJ/I3g==",
			"dev": true,
			"dependencies": {
				"@lumino/algorithm": "^2.0.2"
			}
		},
		"node_modules/@lumino/disposable": {
			"version": "2.1.3",
			"resolved": "https://registry.npmjs.org/@lumino/disposable/-/disposable-2.1.3.tgz",
			"integrity": "sha512-k5KXy/+T3UItiWHY4WwQawnsJnGo3aNtP5CTRKqo4+tbTNuhc3rTSvygJlNKIbEfIZXW2EWYnwfFDozkYx95eA==",
			"dev": true,
			"dependencies": {
				"@lumino/signaling": "^2.1.3"
			}
		},
		"node_modules/@lumino/domutils": {
			"version": "2.0.2",
			"resolved": "https://registry.npmjs.org/@lumino/domutils/-/domutils-2.0.2.tgz",
			"integrity": "sha512-2Kp6YHaMNI1rKB0PrALvOsZBHPy2EvVVAvJLWjlCm8MpWOVETjFp0MA9QpMubT9I76aKbaI5s1o1NJyZ8Y99pQ==",
			"dev": true
		},
		"node_modules/@lumino/dragdrop": {
			"version": "2.1.5",
			"resolved": "https://registry.npmjs.org/@lumino/dragdrop/-/dragdrop-2.1.5.tgz",
			"integrity": "sha512-zqwR4GakrQBKZOW6S5pj2nfrQDurOErAoe9x3HS3BKLa1AzWA+t9PD5NESOKd81NqXFHjiMirSyFkTUs6pw+uA==",
			"dev": true,
			"dependencies": {
				"@lumino/coreutils": "^2.2.0",
				"@lumino/disposable": "^2.1.3"
			}
		},
		"node_modules/@lumino/keyboard": {
			"version": "2.0.2",
			"resolved": "https://registry.npmjs.org/@lumino/keyboard/-/keyboard-2.0.2.tgz",
			"integrity": "sha512-icRUpvswDaFjqmAJNbQRb/aTu6Iugo6Y2oC08TiIwhQtLS9W+Ee9VofdqvbPSvCm6DkyP+DCWMuA3KXZ4V4g4g==",
			"dev": true
		},
		"node_modules/@lumino/messaging": {
			"version": "1.10.3",
			"resolved": "https://registry.npmjs.org/@lumino/messaging/-/messaging-1.10.3.tgz",
			"integrity": "sha512-F/KOwMCdqvdEG8CYAJcBSadzp6aI7a47Fr60zAKGqZATSRRRV41q53iXU7HjFPqQqQIvdn9Z7J32rBEAyQAzww==",
			"dev": true,
			"dependencies": {
				"@lumino/algorithm": "^1.9.2",
				"@lumino/collections": "^1.9.3"
			}
		},
		"node_modules/@lumino/messaging/node_modules/@lumino/algorithm": {
			"version": "1.9.2",
			"resolved": "https://registry.npmjs.org/@lumino/algorithm/-/algorithm-1.9.2.tgz",
			"integrity": "sha512-Z06lp/yuhz8CtIir3PNTGnuk7909eXt4ukJsCzChsGuot2l5Fbs96RJ/FOHgwCedaX74CtxPjXHXoszFbUA+4A==",
			"dev": true
		},
		"node_modules/@lumino/polling": {
			"version": "2.1.3",
			"resolved": "https://registry.npmjs.org/@lumino/polling/-/polling-2.1.3.tgz",
			"integrity": "sha512-WEZk96ddK6eHEhdDkFUAAA40EOLit86QVbqQqnbPmhdGwFogek26Kq9b1U273LJeirv95zXCATOJAkjRyb7D+w==",
			"dev": true,
			"dependencies": {
				"@lumino/coreutils": "^2.2.0",
				"@lumino/disposable": "^2.1.3",
				"@lumino/signaling": "^2.1.3"
			}
		},
		"node_modules/@lumino/properties": {
			"version": "2.0.2",
			"resolved": "https://registry.npmjs.org/@lumino/properties/-/properties-2.0.2.tgz",
			"integrity": "sha512-b312oA3Bh97WFK8efXejYmC3DVJmvzJk72LQB7H3fXhfqS5jUWvL7MSnNmgcQvGzl9fIhDWDWjhtSTi0KGYYBg==",
			"dev": true
		},
		"node_modules/@lumino/signaling": {
			"version": "2.1.3",
			"resolved": "https://registry.npmjs.org/@lumino/signaling/-/signaling-2.1.3.tgz",
			"integrity": "sha512-9Wd4iMk8F1i6pYjy65bqKuPlzQMicyL9xy1/ccS20kovPcfD074waneL/7BVe+3M8i+fGa3x2qjbWrBzOdTdNw==",
			"dev": true,
			"dependencies": {
				"@lumino/algorithm": "^2.0.2",
				"@lumino/coreutils": "^2.2.0"
			}
		},
		"node_modules/@lumino/virtualdom": {
			"version": "2.0.2",
			"resolved": "https://registry.npmjs.org/@lumino/virtualdom/-/virtualdom-2.0.2.tgz",
			"integrity": "sha512-HYZThOtZSoknjdXA102xpy5CiXtTFCVz45EXdWeYLx3NhuEwuAIX93QBBIhupalmtFlRg1yhdDNV40HxJ4kcXg==",
			"dev": true,
			"dependencies": {
				"@lumino/algorithm": "^2.0.2"
			}
		},
		"node_modules/@lumino/widgets": {
			"version": "2.5.0",
			"resolved": "https://registry.npmjs.org/@lumino/widgets/-/widgets-2.5.0.tgz",
			"integrity": "sha512-RSRpc6aIEiuw79jqWUHYWXLJ2GBy7vhwuqgo94UVzg6oeh3XBECX0OvXGjK2k7N2BhmRrIs9bXky7Dm861S6mQ==",
			"dev": true,
			"dependencies": {
				"@lumino/algorithm": "^2.0.2",
				"@lumino/commands": "^2.3.1",
				"@lumino/coreutils": "^2.2.0",
				"@lumino/disposable": "^2.1.3",
				"@lumino/domutils": "^2.0.2",
				"@lumino/dragdrop": "^2.1.5",
				"@lumino/keyboard": "^2.0.2",
				"@lumino/messaging": "^2.0.2",
				"@lumino/properties": "^2.0.2",
				"@lumino/signaling": "^2.1.3",
				"@lumino/virtualdom": "^2.0.2"
			}
		},
		"node_modules/@lumino/widgets/node_modules/@lumino/collections": {
			"version": "2.0.2",
			"resolved": "https://registry.npmjs.org/@lumino/collections/-/collections-2.0.2.tgz",
			"integrity": "sha512-o0QmfV1D3WhAeA8GI1/YmEPaK89JtHVa764rQ5T0LdbDEwUtUDbjavHs1E/+y66tNTXz9RUJ4D2rcSb9tysYsg==",
			"dev": true,
			"dependencies": {
				"@lumino/algorithm": "^2.0.2"
			}
		},
		"node_modules/@lumino/widgets/node_modules/@lumino/messaging": {
			"version": "2.0.2",
			"resolved": "https://registry.npmjs.org/@lumino/messaging/-/messaging-2.0.2.tgz",
			"integrity": "sha512-2sUF07cYA0f3mDil41Eh5sfBk0aGAH/mOh1I4+vyRUsKyBqp4WTUtpJFd8xVJGAntygxwnebIygkIaXXTIQvxA==",
			"dev": true,
			"dependencies": {
				"@lumino/algorithm": "^2.0.2",
				"@lumino/collections": "^2.0.2"
			}
		},
		"node_modules/@rjsf/utils": {
			"version": "5.21.1",
			"resolved": "https://registry.npmjs.org/@rjsf/utils/-/utils-5.21.1.tgz",
			"integrity": "sha512-KEwEtIswzKE2WTLRxvh5vwMwvNMTHnRSxwaRlz3QKz5/iQr9XGJTWcmArjIN3y0ypfLk+X6qZsboamQBIhTV3w==",
			"dev": true,
			"dependencies": {
				"json-schema-merge-allof": "^0.8.1",
				"jsonpointer": "^5.0.1",
				"lodash": "^4.17.21",
				"lodash-es": "^4.17.21",
				"react-is": "^18.2.0"
			},
			"engines": {
				"node": ">=14"
			},
			"peerDependencies": {
				"react": "^16.14.0 || >=17"
			}
		},
		"node_modules/@types/backbone": {
			"version": "1.4.14",
			"resolved": "https://registry.npmjs.org/@types/backbone/-/backbone-1.4.14.tgz",
			"integrity": "sha512-85ldQ99fiYTJFBlZuAJRaCdvTZKZ2p1fSs3fVf+6Ub6k1X0g0hNJ0qJ/2FOByyyAQYLtbEz3shX5taKQfBKBDw==",
			"dev": true,
			"dependencies": {
				"@types/jquery": "*",
				"@types/underscore": "*"
			}
		},
		"node_modules/@types/jquery": {
			"version": "3.5.30",
			"resolved": "https://registry.npmjs.org/@types/jquery/-/jquery-3.5.30.tgz",
			"integrity": "sha512-nbWKkkyb919DOUxjmRVk8vwtDb0/k8FKncmUKFi+NY+QXqWltooxTrswvz4LspQwxvLdvzBN1TImr6cw3aQx2A==",
			"dev": true,
			"dependencies": {
				"@types/sizzle": "*"
			}
		},
		"node_modules/@types/lodash": {
			"version": "4.17.9",
			"resolved": "https://registry.npmjs.org/@types/lodash/-/lodash-4.17.9.tgz",
			"integrity": "sha512-w9iWudx1XWOHW5lQRS9iKpK/XuRhnN+0T7HvdCCd802FYkT1AMTnxndJHGrNJwRoRHkslGr4S29tjm1cT7x/7w==",
			"dev": true
		},
		"node_modules/@types/sizzle": {
			"version": "2.3.8",
			"resolved": "https://registry.npmjs.org/@types/sizzle/-/sizzle-2.3.8.tgz",
			"integrity": "sha512-0vWLNK2D5MT9dg0iOo8GlKguPAU02QjmZitPEsXRuJXU/OGIOt9vT9Fc26wtYuavLxtO45v9PGleoL9Z0k1LHg==",
			"dev": true
		},
		"node_modules/@types/trusted-types": {
			"version": "2.0.7",
			"resolved": "https://registry.npmjs.org/@types/trusted-types/-/trusted-types-2.0.7.tgz",
			"integrity": "sha512-ScaPdn1dQczgbl0QFTeTOmVHFULt394XJgOQNoyVhZ6r2vLnMLJfBPd53SB52T/3G36VI1/g2MZaX0cwDuXsfw=="
		},
		"node_modules/@types/underscore": {
			"version": "1.11.15",
			"resolved": "https://registry.npmjs.org/@types/underscore/-/underscore-1.11.15.tgz",
			"integrity": "sha512-HP38xE+GuWGlbSRq9WrZkousaQ7dragtZCruBVMi0oX1migFZavZ3OROKHSkNp/9ouq82zrWtZpg18jFnVN96g==",
			"dev": true
		},
		"node_modules/ajv": {
			"version": "8.17.1",
			"resolved": "https://registry.npmjs.org/ajv/-/ajv-8.17.1.tgz",
			"integrity": "sha512-B/gBuNg5SiMTrPkC+A2+cW0RszwxYmn6VYxB/inlBStS5nx6xHIt/ehKRhIMhqusl7a8LjQoZnjCs5vhwxOQ1g==",
			"dev": true,
			"dependencies": {
				"fast-deep-equal": "^3.1.3",
				"fast-uri": "^3.0.1",
				"json-schema-traverse": "^1.0.0",
				"require-from-string": "^2.0.2"
			},
			"funding": {
				"type": "github",
				"url": "https://github.com/sponsors/epoberezkin"
			}
		},
		"node_modules/backbone": {
			"version": "1.4.0",
			"resolved": "https://registry.npmjs.org/backbone/-/backbone-1.4.0.tgz",
			"integrity": "sha512-RLmDrRXkVdouTg38jcgHhyQ/2zjg7a8E6sz2zxfz21Hh17xDJYUHBZimVIt5fUyS8vbfpeSmTL3gUjTEvUV3qQ==",
			"dev": true,
			"dependencies": {
				"underscore": ">=1.8.3"
			}
		},
		"node_modules/compute-gcd": {
			"version": "1.2.1",
			"resolved": "https://registry.npmjs.org/compute-gcd/-/compute-gcd-1.2.1.tgz",
			"integrity": "sha512-TwMbxBNz0l71+8Sc4czv13h4kEqnchV9igQZBi6QUaz09dnz13juGnnaWWJTRsP3brxOoxeB4SA2WELLw1hCtg==",
			"dev": true,
			"dependencies": {
				"validate.io-array": "^1.0.3",
				"validate.io-function": "^1.0.2",
				"validate.io-integer-array": "^1.0.0"
			}
		},
		"node_modules/compute-lcm": {
			"version": "1.1.2",
			"resolved": "https://registry.npmjs.org/compute-lcm/-/compute-lcm-1.1.2.tgz",
			"integrity": "sha512-OFNPdQAXnQhDSKioX8/XYT6sdUlXwpeMjfd6ApxMJfyZ4GxmLR1xvMERctlYhlHwIiz6CSpBc2+qYKjHGZw4TQ==",
			"dev": true,
			"dependencies": {
				"compute-gcd": "^1.2.1",
				"validate.io-array": "^1.0.3",
				"validate.io-function": "^1.0.2",
				"validate.io-integer-array": "^1.0.0"
			}
		},
		"node_modules/esbuild": {
			"version": "0.23.1",
			"resolved": "https://registry.npmjs.org/esbuild/-/esbuild-0.23.1.tgz",
			"integrity": "sha512-VVNz/9Sa0bs5SELtn3f7qhJCDPCF5oMEl5cO9/SSinpE9hbPVvxbd572HH5AKiP7WD8INO53GgfDDhRjkylHEg==",
			"dev": true,
			"hasInstallScript": true,
			"bin": {
				"esbuild": "bin/esbuild"
			},
			"engines": {
				"node": ">=18"
			},
			"optionalDependencies": {
				"@esbuild/aix-ppc64": "0.23.1",
				"@esbuild/android-arm": "0.23.1",
				"@esbuild/android-arm64": "0.23.1",
				"@esbuild/android-x64": "0.23.1",
				"@esbuild/darwin-arm64": "0.23.1",
				"@esbuild/darwin-x64": "0.23.1",
				"@esbuild/freebsd-arm64": "0.23.1",
				"@esbuild/freebsd-x64": "0.23.1",
				"@esbuild/linux-arm": "0.23.1",
				"@esbuild/linux-arm64": "0.23.1",
				"@esbuild/linux-ia32": "0.23.1",
				"@esbuild/linux-loong64": "0.23.1",
				"@esbuild/linux-mips64el": "0.23.1",
				"@esbuild/linux-ppc64": "0.23.1",
				"@esbuild/linux-riscv64": "0.23.1",
				"@esbuild/linux-s390x": "0.23.1",
				"@esbuild/linux-x64": "0.23.1",
				"@esbuild/netbsd-x64": "0.23.1",
				"@esbuild/openbsd-arm64": "0.23.1",
				"@esbuild/openbsd-x64": "0.23.1",
				"@esbuild/sunos-x64": "0.23.1",
				"@esbuild/win32-arm64": "0.23.1",
				"@esbuild/win32-ia32": "0.23.1",
				"@esbuild/win32-x64": "0.23.1"
			}
		},
		"node_modules/fast-deep-equal": {
			"version": "3.1.3",
			"resolved": "https://registry.npmjs.org/fast-deep-equal/-/fast-deep-equal-3.1.3.tgz",
			"integrity": "sha512-f3qQ9oQy9j2AhBe/H9VC91wLmKBCCU/gDOnKNAYG5hswO7BLKj09Hc5HYNz9cGI++xlpDCIgDaitVs03ATR84Q==",
			"dev": true
		},
		"node_modules/fast-uri": {
			"version": "3.0.1",
			"resolved": "https://registry.npmjs.org/fast-uri/-/fast-uri-3.0.1.tgz",
			"integrity": "sha512-MWipKbbYiYI0UC7cl8m/i/IWTqfC8YXsqjzybjddLsFjStroQzsHXkc73JutMvBiXmOvapk+axIl79ig5t55Bw==",
			"dev": true
		},
		"node_modules/isomorphic.js": {
			"version": "0.2.5",
			"resolved": "https://registry.npmjs.org/isomorphic.js/-/isomorphic.js-0.2.5.tgz",
			"integrity": "sha512-PIeMbHqMt4DnUP3MA/Flc0HElYjMXArsw1qwJZcm9sqR8mq3l8NYizFMty0pWwE/tzIGH3EKK5+jes5mAr85yw==",
			"dev": true,
			"funding": {
				"type": "GitHub Sponsors ❤",
				"url": "https://github.com/sponsors/dmonad"
			}
		},
		"node_modules/jquery": {
			"version": "3.7.1",
			"resolved": "https://registry.npmjs.org/jquery/-/jquery-3.7.1.tgz",
			"integrity": "sha512-m4avr8yL8kmFN8psrbFFFmB/If14iN5o9nw/NgnnM+kybDJpRsAynV2BsfpTYrTRysYUdADVD7CkUUizgkpLfg==",
			"dev": true
		},
		"node_modules/js-tokens": {
			"version": "4.0.0",
			"resolved": "https://registry.npmjs.org/js-tokens/-/js-tokens-4.0.0.tgz",
			"integrity": "sha512-RdJUflcE3cUzKiMqQgsCu06FPu9UdIJO0beYbPhHN4k6apgJtifcoCtT9bcxOpYBtpD2kCM6Sbzg4CausW/PKQ==",
			"dev": true,
			"peer": true
		},
		"node_modules/json-schema-compare": {
			"version": "0.2.2",
			"resolved": "https://registry.npmjs.org/json-schema-compare/-/json-schema-compare-0.2.2.tgz",
			"integrity": "sha512-c4WYmDKyJXhs7WWvAWm3uIYnfyWFoIp+JEoX34rctVvEkMYCPGhXtvmFFXiffBbxfZsvQ0RNnV5H7GvDF5HCqQ==",
			"dev": true,
			"dependencies": {
				"lodash": "^4.17.4"
			}
		},
		"node_modules/json-schema-merge-allof": {
			"version": "0.8.1",
			"resolved": "https://registry.npmjs.org/json-schema-merge-allof/-/json-schema-merge-allof-0.8.1.tgz",
			"integrity": "sha512-CTUKmIlPJbsWfzRRnOXz+0MjIqvnleIXwFTzz+t9T86HnYX/Rozria6ZVGLktAU9e+NygNljveP+yxqtQp/Q4w==",
			"dev": true,
			"dependencies": {
				"compute-lcm": "^1.1.2",
				"json-schema-compare": "^0.2.2",
				"lodash": "^4.17.20"
			},
			"engines": {
				"node": ">=12.0.0"
			}
		},
		"node_modules/json-schema-traverse": {
			"version": "1.0.0",
			"resolved": "https://registry.npmjs.org/json-schema-traverse/-/json-schema-traverse-1.0.0.tgz",
			"integrity": "sha512-NM8/P9n3XjXhIZn1lLhkFaACTOURQXjWhV4BA/RnOv8xvgqtqpAX9IO4mRQxSx1Rlo4tqzeqb0sOlruaOy3dug==",
			"dev": true
		},
		"node_modules/json5": {
			"version": "2.2.3",
			"resolved": "https://registry.npmjs.org/json5/-/json5-2.2.3.tgz",
			"integrity": "sha512-XmOWe7eyHYH14cLdVPoyg+GOH3rYX++KpzrylJwSW98t3Nk+U8XOl8FWKOgwtzdb8lXGf6zYwDUzeHMWfxasyg==",
			"dev": true,
			"bin": {
				"json5": "lib/cli.js"
			},
			"engines": {
				"node": ">=6"
			}
		},
		"node_modules/jsonpointer": {
			"version": "5.0.1",
			"resolved": "https://registry.npmjs.org/jsonpointer/-/jsonpointer-5.0.1.tgz",
			"integrity": "sha512-p/nXbhSEcu3pZRdkW1OfJhpsVtW1gd4Wa1fnQc9YLiTfAjn0312eMKimbdIQzuZl9aa9xUGaRlP9T/CJE/ditQ==",
			"dev": true,
			"engines": {
				"node": ">=0.10.0"
			}
		},
		"node_modules/lib0": {
			"version": "0.2.97",
			"resolved": "https://registry.npmjs.org/lib0/-/lib0-0.2.97.tgz",
			"integrity": "sha512-Q4d1ekgvufi9FiHkkL46AhecfNjznSL9MRNoJRQ76gBHS9OqU2ArfQK0FvBpuxgWeJeNI0LVgAYMIpsGeX4gYg==",
			"dev": true,
			"dependencies": {
				"isomorphic.js": "^0.2.4"
			},
			"bin": {
				"0ecdsa-generate-keypair": "bin/0ecdsa-generate-keypair.js",
				"0gentesthtml": "bin/gentesthtml.js",
				"0serve": "bin/0serve.js"
			},
			"engines": {
				"node": ">=16"
			},
			"funding": {
				"type": "GitHub Sponsors ❤",
				"url": "https://github.com/sponsors/dmonad"
			}
		},
		"node_modules/lit": {
			"version": "3.2.0",
			"resolved": "https://registry.npmjs.org/lit/-/lit-3.2.0.tgz",
			"integrity": "sha512-s6tI33Lf6VpDu7u4YqsSX78D28bYQulM+VAzsGch4fx2H0eLZnJsUBsPWmGYSGoKDNbjtRv02rio1o+UdPVwvw==",
			"dependencies": {
				"@lit/reactive-element": "^2.0.4",
				"lit-element": "^4.1.0",
				"lit-html": "^3.2.0"
			}
		},
		"node_modules/lit-element": {
			"version": "4.1.0",
			"resolved": "https://registry.npmjs.org/lit-element/-/lit-element-4.1.0.tgz",
			"integrity": "sha512-gSejRUQJuMQjV2Z59KAS/D4iElUhwKpIyJvZ9w+DIagIQjfJnhR20h2Q5ddpzXGS+fF0tMZ/xEYGMnKmaI/iww==",
			"dependencies": {
				"@lit-labs/ssr-dom-shim": "^1.2.0",
				"@lit/reactive-element": "^2.0.4",
				"lit-html": "^3.2.0"
			}
		},
		"node_modules/lit-html": {
			"version": "3.2.0",
			"resolved": "https://registry.npmjs.org/lit-html/-/lit-html-3.2.0.tgz",
			"integrity": "sha512-pwT/HwoxqI9FggTrYVarkBKFN9MlTUpLrDHubTmW4SrkL3kkqW5gxwbxMMUnbbRHBC0WTZnYHcjDSCM559VyfA==",
			"dependencies": {
				"@types/trusted-types": "^2.0.2"
			}
		},
		"node_modules/lodash": {
			"version": "4.17.21",
			"resolved": "https://registry.npmjs.org/lodash/-/lodash-4.17.21.tgz",
			"integrity": "sha512-v2kDEe57lecTulaDIuNTPy3Ry4gLGJ6Z1O3vE1krgXZNrsQ+LFTGHVxVjcXPs17LhbZVGedAJv8XZ1tvj5FvSg==",
			"dev": true
		},
		"node_modules/lodash-es": {
			"version": "4.17.21",
			"resolved": "https://registry.npmjs.org/lodash-es/-/lodash-es-4.17.21.tgz",
			"integrity": "sha512-mKnC+QJ9pWVzv+C4/U3rRsHapFfHvQFoFB92e52xeyGMcX6/OlIl78je1u8vePzYZSkkogMPJ2yjxxsb89cxyw==",
			"dev": true
		},
		"node_modules/loose-envify": {
			"version": "1.4.0",
			"resolved": "https://registry.npmjs.org/loose-envify/-/loose-envify-1.4.0.tgz",
			"integrity": "sha512-lyuxPGr/Wfhrlem2CL/UcnUc1zcqKAImBDzukY7Y5F/yQiNdko6+fRLevlw1HgMySw7f611UIY408EtxRSoK3Q==",
			"dev": true,
			"peer": true,
			"dependencies": {
				"js-tokens": "^3.0.0 || ^4.0.0"
			},
			"bin": {
				"loose-envify": "cli.js"
			}
		},
		"node_modules/minimist": {
			"version": "1.2.8",
			"resolved": "https://registry.npmjs.org/minimist/-/minimist-1.2.8.tgz",
			"integrity": "sha512-2yyAR8qBkN3YuheJanUpWC5U3bb5osDywNB8RzDVlDwDHbocAJveqqj1u8+SVD7jkWT4yvsHCpWqqWqAxb0zCA==",
			"dev": true,
			"funding": {
				"url": "https://github.com/sponsors/ljharb"
			}
		},
		"node_modules/path-browserify": {
			"version": "1.0.1",
			"resolved": "https://registry.npmjs.org/path-browserify/-/path-browserify-1.0.1.tgz",
			"integrity": "sha512-b7uo2UCUOYZcnF/3ID0lulOJi/bafxa1xPe7ZPsammBSpjSWQkjNxlt635YGS2MiR9GjvuXCtz2emr3jbsz98g==",
			"dev": true
		},
		"node_modules/querystringify": {
			"version": "2.2.0",
			"resolved": "https://registry.npmjs.org/querystringify/-/querystringify-2.2.0.tgz",
			"integrity": "sha512-FIqgj2EUvTa7R50u0rGsyTftzjYmv/a3hO345bZNrqabNqjtgiDMgmo4mkUjd+nzU5oF3dClKqFIPUKybUyqoQ==",
			"dev": true
		},
		"node_modules/react": {
			"version": "18.3.1",
			"resolved": "https://registry.npmjs.org/react/-/react-18.3.1.tgz",
			"integrity": "sha512-wS+hAgJShR0KhEvPJArfuPVN1+Hz1t0Y6n5jLrGQbkb4urgPE/0Rve+1kMB1v/oWgHgm4WIcV+i7F2pTVj+2iQ==",
			"dev": true,
			"peer": true,
			"dependencies": {
				"loose-envify": "^1.1.0"
			},
			"engines": {
				"node": ">=0.10.0"
			}
		},
		"node_modules/react-is": {
			"version": "18.3.1",
			"resolved": "https://registry.npmjs.org/react-is/-/react-is-18.3.1.tgz",
			"integrity": "sha512-/LLMVyas0ljjAtoYiPqYiL8VWXzUUdThrmU5+n20DZv+a+ClRoevUzw5JxU+Ieh5/c87ytoTBV9G1FiKfNJdmg==",
			"dev": true
		},
		"node_modules/require-from-string": {
			"version": "2.0.2",
			"resolved": "https://registry.npmjs.org/require-from-string/-/require-from-string-2.0.2.tgz",
			"integrity": "sha512-Xf0nWe6RseziFMu+Ap9biiUbmplq6S9/p+7w7YXP/JBHhrUDDUhwa+vANyubuqfZWTveU//DYVGsDG7RKL/vEw==",
			"dev": true,
			"engines": {
				"node": ">=0.10.0"
			}
		},
		"node_modules/requires-port": {
			"version": "1.0.0",
			"resolved": "https://registry.npmjs.org/requires-port/-/requires-port-1.0.0.tgz",
			"integrity": "sha512-KigOCHcocU3XODJxsu8i/j8T9tzT4adHiecwORRQ0ZZFcp7ahwXuRU1m+yuO90C5ZUyGeGfocHDI14M3L3yDAQ==",
			"dev": true
		},
		"node_modules/typescript": {
			"version": "5.6.2",
			"resolved": "https://registry.npmjs.org/typescript/-/typescript-5.6.2.tgz",
			"integrity": "sha512-NW8ByodCSNCwZeghjN3o+JX5OFH0Ojg6sadjEKY4huZ52TqbJTJnDo5+Tw98lSy63NZvi4n+ez5m2u5d4PkZyw==",
			"dev": true,
			"bin": {
				"tsc": "bin/tsc",
				"tsserver": "bin/tsserver"
			},
			"engines": {
				"node": ">=14.17"
			}
		},
		"node_modules/underscore": {
			"version": "1.13.7",
			"resolved": "https://registry.npmjs.org/underscore/-/underscore-1.13.7.tgz",
			"integrity": "sha512-GMXzWtsc57XAtguZgaQViUOzs0KTkk8ojr3/xAxXLITqf/3EMwxC0inyETfDFjH/Krbhuep0HNbbjI9i/q3F3g==",
			"dev": true
		},
		"node_modules/url-parse": {
			"version": "1.5.10",
			"resolved": "https://registry.npmjs.org/url-parse/-/url-parse-1.5.10.tgz",
			"integrity": "sha512-WypcfiRhfeUP9vvF0j6rw0J3hrWrw6iZv3+22h6iRMJ/8z1Tj6XfLP4DsUix5MhMPnXpiHDoKyoZ/bdCkwBCiQ==",
			"dev": true,
			"dependencies": {
				"querystringify": "^2.1.1",
				"requires-port": "^1.0.0"
			}
		},
		"node_modules/validate.io-array": {
			"version": "1.0.6",
			"resolved": "https://registry.npmjs.org/validate.io-array/-/validate.io-array-1.0.6.tgz",
			"integrity": "sha512-DeOy7CnPEziggrOO5CZhVKJw6S3Yi7e9e65R1Nl/RTN1vTQKnzjfvks0/8kQ40FP/dsjRAOd4hxmJ7uLa6vxkg==",
			"dev": true
		},
		"node_modules/validate.io-function": {
			"version": "1.0.2",
			"resolved": "https://registry.npmjs.org/validate.io-function/-/validate.io-function-1.0.2.tgz",
			"integrity": "sha512-LlFybRJEriSuBnUhQyG5bwglhh50EpTL2ul23MPIuR1odjO7XaMLFV8vHGwp7AZciFxtYOeiSCT5st+XSPONiQ==",
			"dev": true
		},
		"node_modules/validate.io-integer": {
			"version": "1.0.5",
			"resolved": "https://registry.npmjs.org/validate.io-integer/-/validate.io-integer-1.0.5.tgz",
			"integrity": "sha512-22izsYSLojN/P6bppBqhgUDjCkr5RY2jd+N2a3DCAUey8ydvrZ/OkGvFPR7qfOpwR2LC5p4Ngzxz36g5Vgr/hQ==",
			"dev": true,
			"dependencies": {
				"validate.io-number": "^1.0.3"
			}
		},
		"node_modules/validate.io-integer-array": {
			"version": "1.0.0",
			"resolved": "https://registry.npmjs.org/validate.io-integer-array/-/validate.io-integer-array-1.0.0.tgz",
			"integrity": "sha512-mTrMk/1ytQHtCY0oNO3dztafHYyGU88KL+jRxWuzfOmQb+4qqnWmI+gykvGp8usKZOM0H7keJHEbRaFiYA0VrA==",
			"dev": true,
			"dependencies": {
				"validate.io-array": "^1.0.3",
				"validate.io-integer": "^1.0.4"
			}
		},
		"node_modules/validate.io-number": {
			"version": "1.0.3",
			"resolved": "https://registry.npmjs.org/validate.io-number/-/validate.io-number-1.0.3.tgz",
			"integrity": "sha512-kRAyotcbNaSYoDnXvb4MHg/0a1egJdLwS6oJ38TJY7aw9n93Fl/3blIXdyYvPOp55CNxywooG/3BcrwNrBpcSg==",
			"dev": true
		},
		"node_modules/ws": {
			"version": "8.18.0",
			"resolved": "https://registry.npmjs.org/ws/-/ws-8.18.0.tgz",
			"integrity": "sha512-8VbfWfHLbbwu3+N6OKsOMpBdT4kXPDDB9cJk2bJ6mh9ucxdlnNvH1e+roYkKmN9Nxw2yjz7VzeO9oOz2zJ04Pw==",
			"dev": true,
			"engines": {
				"node": ">=10.0.0"
			},
			"peerDependencies": {
				"bufferutil": "^4.0.1",
				"utf-8-validate": ">=5.0.2"
			},
			"peerDependenciesMeta": {
				"bufferutil": {
					"optional": true
				},
				"utf-8-validate": {
					"optional": true
				}
			}
		},
		"node_modules/y-protocols": {
			"version": "1.0.6",
			"resolved": "https://registry.npmjs.org/y-protocols/-/y-protocols-1.0.6.tgz",
			"integrity": "sha512-vHRF2L6iT3rwj1jub/K5tYcTT/mEYDUppgNPXwp8fmLpui9f7Yeq3OEtTLVF012j39QnV+KEQpNqoN7CWU7Y9Q==",
			"dev": true,
			"dependencies": {
				"lib0": "^0.2.85"
			},
			"engines": {
				"node": ">=16.0.0",
				"npm": ">=8.0.0"
			},
			"funding": {
				"type": "GitHub Sponsors ❤",
				"url": "https://github.com/sponsors/dmonad"
			},
			"peerDependencies": {
				"yjs": "^13.0.0"
			}
		},
		"node_modules/yjs": {
			"version": "13.6.19",
			"resolved": "https://registry.npmjs.org/yjs/-/yjs-13.6.19.tgz",
			"integrity": "sha512-GNKw4mEUn5yWU2QPHRx8jppxmCm9KzbBhB4qJLUJFiiYD0g/tDVgXQ7aPkyh01YO28kbs2J/BEbWBagjuWyejw==",
			"dev": true,
			"dependencies": {
				"lib0": "^0.2.86"
			},
			"engines": {
				"node": ">=16.0.0",
				"npm": ">=8.0.0"
			},
			"funding": {
				"type": "GitHub Sponsors ❤",
				"url": "https://github.com/sponsors/dmonad"
			}
		}
	}
}
